
Microsoft Visual Studio Solution File, Format Version 12.00
# Visual Studio Version 17
VisualStudioVersion = 17.0.32112.339
MinimumVisualStudioVersion = 10.0.40219.1
Project("{151D2E53-A2C4-4D7D-83FE-D05416EBD58E}") = "Umbraco10Template", "Umbraco10Template\Umbraco10Template.deployproj", "{39900F1C-B913-4A44-A308-210793629A95}"
EndProject
Global
	GlobalSection(SolutionConfigurationPlatforms) = preSolution
		Debug|Any CPU = Debug|Any CPU
		Release|Any CPU = Release|Any CPU
	EndGlobalSection
	GlobalSection(ProjectConfigurationPlatforms) = postSolution
		{39900F1C-B913-4A44-A308-210793629A95}.Debug|Any CPU.ActiveCfg = Debug|Any CPU
		{39900F1C-B913-4A44-A308-210793629A95}.Debug|Any CPU.Build.0 = Debug|Any CPU
		{39900F1C-B913-4A44-A308-210793629A95}.Release|Any CPU.ActiveCfg = Release|Any CPU
		{39900F1C-B913-4A44-A308-210793629A95}.Release|Any CPU.Build.0 = Release|Any CPU
	EndGlobalSection
	GlobalSection(SolutionProperties) = preSolution
		HideSolutionNode = FALSE
	EndGlobalSection
	GlobalSection(ExtensibilityGlobals) = postSolution
		SolutionGuid = {F7454AA5-7461-4F27-9B6F-2A64BCE00378}
	EndGlobalSection
EndGlobal
